
Microsoft Visual Studio Solution File, Format Version 12.00
# Visual Studio Version 17
VisualStudioVersion = 17.3.32819.101
MinimumVisualStudioVersion = 10.0.40219.1
Project("{8BC9CEB8-8B4A-11D0-8D11-00A0C91BC942}") = "DrawText", "DrawText\DrawText.vcxproj", "{F82D4BCF-B0BE-4676-856A-673D407981FB}"
EndProject
Global
	GlobalSection(SolutionConfigurationPlatforms) = preSolution
		Debug|x64 = Debug|x64
		Debug|x86 = Debug|x86
		Release|x64 = Release|x64
		Release|x86 = Release|x86
	EndGlobalSection
	GlobalSection(ProjectConfigurationPlatforms) = postSolution
		{F82D4BCF-B0BE-4676-856A-673D407981FB}.Debug|x64.ActiveCfg = Debug|x64
		{F82D4BCF-B0BE-4676-856A-673D407981FB}.Debug|x64.Build.0 = Debug|x64
		{F82D4BCF-B0BE-4676-856A-673D407981FB}.Debug|x86.ActiveCfg = Debug|Win32
		{F82D4BCF-B0BE-4676-856A-673D407981FB}.Debug|x86.Build.0 = Debug|Win32
		{F82D4BCF-B0BE-4676-856A-673D407981FB}.Release|x64.ActiveCfg = Release|x64
		{F82D4BCF-B0BE-4676-856A-673D407981FB}.Release|x64.Build.0 = Release|x64
		{F82D4BCF-B0BE-4676-856A-673D407981FB}.Release|x86.ActiveCfg = Release|Win32
		{F82D4BCF-B0BE-4676-856A-673D407981FB}.Release|x86.Build.0 = Release|Win32
	EndGlobalSection
	GlobalSection(SolutionProperties) = preSolution
		HideSolutionNode = FALSE
	EndGlobalSection
	GlobalSection(ExtensibilityGlobals) = postSolution
		SolutionGuid = {C7613FAB-D13D-42F6-AF3C-6D3403FB26B9}
	EndGlobalSection
EndGlobal
