
Microsoft Visual Studio Solution File, Format Version 12.00
# Visual Studio Version 17
VisualStudioVersion = 17.5.33516.290
MinimumVisualStudioVersion = 10.0.40219.1
Project("{8BC9CEB8-8B4A-11D0-8D11-00A0C91BC942}") = "opencv+zbar", "opencv+zbar.vcxproj", "{DF111EF9-CC20-438A-834E-36D1505DEDE0}"
EndProject
Global
	GlobalSection(SolutionConfigurationPlatforms) = preSolution
		Debug|x64 = Debug|x64
		Debug|x86 = Debug|x86
		Release|x64 = Release|x64
		Release|x86 = Release|x86
	EndGlobalSection
	GlobalSection(ProjectConfigurationPlatforms) = postSolution
		{DF111EF9-CC20-438A-834E-36D1505DEDE0}.Debug|x64.ActiveCfg = Debug|x64
		{DF111EF9-CC20-438A-834E-36D1505DEDE0}.Debug|x64.Build.0 = Debug|x64
		{DF111EF9-CC20-438A-834E-36D1505DEDE0}.Debug|x86.ActiveCfg = Debug|Win32
		{DF111EF9-CC20-438A-834E-36D1505DEDE0}.Debug|x86.Build.0 = Debug|Win32
		{DF111EF9-CC20-438A-834E-36D1505DEDE0}.Release|x64.ActiveCfg = Release|x64
		{DF111EF9-CC20-438A-834E-36D1505DEDE0}.Release|x64.Build.0 = Release|x64
		{DF111EF9-CC20-438A-834E-36D1505DEDE0}.Release|x86.ActiveCfg = Release|Win32
		{DF111EF9-CC20-438A-834E-36D1505DEDE0}.Release|x86.Build.0 = Release|Win32
	EndGlobalSection
	GlobalSection(SolutionProperties) = preSolution
		HideSolutionNode = FALSE
	EndGlobalSection
	GlobalSection(ExtensibilityGlobals) = postSolution
		SolutionGuid = {070ED79F-868D-493A-968C-3018F28B9CAF}
	EndGlobalSection
EndGlobal
