
Microsoft Visual Studio Solution File, Format Version 12.00
# Visual Studio Version 17
VisualStudioVersion = 17.6.33829.357
MinimumVisualStudioVersion = 10.0.40219.1
Project("{8BC9CEB8-8B4A-11D0-8D11-00A0C91BC942}") = "Project2", "Project2\Project2.vcxproj", "{A8179ED4-6816-4AC7-9380-BBC8953BBD1A}"
EndProject
Global
	GlobalSection(SolutionConfigurationPlatforms) = preSolution
		Debug|x64 = Debug|x64
		Debug|x86 = Debug|x86
		Release|x64 = Release|x64
		Release|x86 = Release|x86
	EndGlobalSection
	GlobalSection(ProjectConfigurationPlatforms) = postSolution
		{A8179ED4-6816-4AC7-9380-BBC8953BBD1A}.Debug|x64.ActiveCfg = Debug|x64
		{A8179ED4-6816-4AC7-9380-BBC8953BBD1A}.Debug|x64.Build.0 = Debug|x64
		{A8179ED4-6816-4AC7-9380-BBC8953BBD1A}.Debug|x86.ActiveCfg = Debug|Win32
		{A8179ED4-6816-4AC7-9380-BBC8953BBD1A}.Debug|x86.Build.0 = Debug|Win32
		{A8179ED4-6816-4AC7-9380-BBC8953BBD1A}.Release|x64.ActiveCfg = Release|x64
		{A8179ED4-6816-4AC7-9380-BBC8953BBD1A}.Release|x64.Build.0 = Release|x64
		{A8179ED4-6816-4AC7-9380-BBC8953BBD1A}.Release|x86.ActiveCfg = Release|Win32
		{A8179ED4-6816-4AC7-9380-BBC8953BBD1A}.Release|x86.Build.0 = Release|Win32
	EndGlobalSection
	GlobalSection(SolutionProperties) = preSolution
		HideSolutionNode = FALSE
	EndGlobalSection
	GlobalSection(ExtensibilityGlobals) = postSolution
		SolutionGuid = {7780833B-0F6A-4592-9705-FAE6F06F6828}
	EndGlobalSection
EndGlobal
