
Microsoft Visual Studio Solution File, Format Version 12.00
# Visual Studio Version 17
VisualStudioVersion = 17.5.33627.172
MinimumVisualStudioVersion = 10.0.40219.1
Project("{8BC9CEB8-8B4A-11D0-8D11-00A0C91BC942}") = "filecopy", "filecopy\filecopy.vcxproj", "{D21091B6-7F72-4A23-99CC-25AF83F433BD}"
EndProject
Project("{8BC9CEB8-8B4A-11D0-8D11-00A0C91BC942}") = "file加密", "file加密\file加密.vcxproj", "{AC506C94-DA44-4871-8E20-43164B1694A9}"
EndProject
Global
	GlobalSection(SolutionConfigurationPlatforms) = preSolution
		Debug|x64 = Debug|x64
		Debug|x86 = Debug|x86
		Release|x64 = Release|x64
		Release|x86 = Release|x86
	EndGlobalSection
	GlobalSection(ProjectConfigurationPlatforms) = postSolution
		{D21091B6-7F72-4A23-99CC-25AF83F433BD}.Debug|x64.ActiveCfg = Debug|x64
		{D21091B6-7F72-4A23-99CC-25AF83F433BD}.Debug|x64.Build.0 = Debug|x64
		{D21091B6-7F72-4A23-99CC-25AF83F433BD}.Debug|x86.ActiveCfg = Debug|Win32
		{D21091B6-7F72-4A23-99CC-25AF83F433BD}.Debug|x86.Build.0 = Debug|Win32
		{D21091B6-7F72-4A23-99CC-25AF83F433BD}.Release|x64.ActiveCfg = Release|x64
		{D21091B6-7F72-4A23-99CC-25AF83F433BD}.Release|x64.Build.0 = Release|x64
		{D21091B6-7F72-4A23-99CC-25AF83F433BD}.Release|x86.ActiveCfg = Release|Win32
		{D21091B6-7F72-4A23-99CC-25AF83F433BD}.Release|x86.Build.0 = Release|Win32
		{AC506C94-DA44-4871-8E20-43164B1694A9}.Debug|x64.ActiveCfg = Debug|x64
		{AC506C94-DA44-4871-8E20-43164B1694A9}.Debug|x64.Build.0 = Debug|x64
		{AC506C94-DA44-4871-8E20-43164B1694A9}.Debug|x86.ActiveCfg = Debug|Win32
		{AC506C94-DA44-4871-8E20-43164B1694A9}.Debug|x86.Build.0 = Debug|Win32
		{AC506C94-DA44-4871-8E20-43164B1694A9}.Release|x64.ActiveCfg = Release|x64
		{AC506C94-DA44-4871-8E20-43164B1694A9}.Release|x64.Build.0 = Release|x64
		{AC506C94-DA44-4871-8E20-43164B1694A9}.Release|x86.ActiveCfg = Release|Win32
		{AC506C94-DA44-4871-8E20-43164B1694A9}.Release|x86.Build.0 = Release|Win32
	EndGlobalSection
	GlobalSection(SolutionProperties) = preSolution
		HideSolutionNode = FALSE
	EndGlobalSection
	GlobalSection(ExtensibilityGlobals) = postSolution
		SolutionGuid = {FBAB0CA7-38A3-4FD5-9A6F-4BFCA8B05E7F}
	EndGlobalSection
EndGlobal
