
Microsoft Visual Studio Solution File, Format Version 12.00
# Visual Studio Version 17
VisualStudioVersion = 17.6.33829.357
MinimumVisualStudioVersion = 10.0.40219.1
Project("{8BC9CEB8-8B4A-11D0-8D11-00A0C91BC942}") = "新的开始", "新的开始\新的开始.vcxproj", "{BC7519D5-28AD-49DE-992B-5FF6055A8421}"
EndProject
Global
	GlobalSection(SolutionConfigurationPlatforms) = preSolution
		Debug|x64 = Debug|x64
		Debug|x86 = Debug|x86
		Release|x64 = Release|x64
		Release|x86 = Release|x86
	EndGlobalSection
	GlobalSection(ProjectConfigurationPlatforms) = postSolution
		{BC7519D5-28AD-49DE-992B-5FF6055A8421}.Debug|x64.ActiveCfg = Debug|x64
		{BC7519D5-28AD-49DE-992B-5FF6055A8421}.Debug|x64.Build.0 = Debug|x64
		{BC7519D5-28AD-49DE-992B-5FF6055A8421}.Debug|x86.ActiveCfg = Debug|Win32
		{BC7519D5-28AD-49DE-992B-5FF6055A8421}.Debug|x86.Build.0 = Debug|Win32
		{BC7519D5-28AD-49DE-992B-5FF6055A8421}.Release|x64.ActiveCfg = Release|x64
		{BC7519D5-28AD-49DE-992B-5FF6055A8421}.Release|x64.Build.0 = Release|x64
		{BC7519D5-28AD-49DE-992B-5FF6055A8421}.Release|x86.ActiveCfg = Release|Win32
		{BC7519D5-28AD-49DE-992B-5FF6055A8421}.Release|x86.Build.0 = Release|Win32
	EndGlobalSection
	GlobalSection(SolutionProperties) = preSolution
		HideSolutionNode = FALSE
	EndGlobalSection
	GlobalSection(ExtensibilityGlobals) = postSolution
		SolutionGuid = {829BEF2F-CEEB-43D7-96C6-3AE1DDB29971}
	EndGlobalSection
EndGlobal
